PODS:
  - AudioKit (4.2.3):
    - AudioKit/UI (= 4.2.3)
  - AudioKit/UI (4.2.3)
  - PRTween (0.0.1)

DEPENDENCIES:
  - AudioKit (~> 4.2.3)
  - PRTween (~> 0.0.1)

SPEC REPOS:
  https://github.com/CocoaPods/Specs.git:
    - AudioKit
    - PRTween

SPEC CHECKSUMS:
  AudioKit: 65e0035ce267446932ac733257053ac97dfe395e
  PRTween: b5f4a594f65f4198eb68e2ef3cf72f3390f037b8

PODFILE CHECKSUM: 79bea4f03f3fd14ff187db709dbd7586d132c534

COCOAPODS: 1.5.0.beta.1
