PODS:
  - AudioKit (4.7.1):
    - AudioKit/Core (= 4.7.1)
    - AudioKit/UI (= 4.7.1)
  - AudioKit/Core (4.7.1)
  - AudioKit/UI (4.7.1):
    - AudioKit/Core
  - PRTween (0.1.0)

DEPENDENCIES:
  - AudioKit
  - PRTween

SPEC REPOS:
  https://github.com/cocoapods/specs.git:
    - AudioKit
    - PRTween

SPEC CHECKSUMS:
  AudioKit: fb42378fbe950033462b47efe3643c108698ba03
  PRTween: 6c58c7e32ebcf31e33e6a6e6bc727ebef3b668ef

PODFILE CHECKSUM: 1c6fd19aa8e623061cf5381ecb6325cd9329274a

COCOAPODS: 1.5.3
