PODS:
  - AudioKit (4.2.1):
    - AudioKit/UI (= 4.2.1)
  - AudioKit/UI (4.2.1)
  - PRTween (0.0.1)

DEPENDENCIES:
  - AudioKit (~> 4.2.1)
  - PRTween (~> 0.0.1)

SPEC CHECKSUMS:
  AudioKit: cdf2a893bda5d8cd1915a1d4972929a0d5524d5c
  PRTween: b5f4a594f65f4198eb68e2ef3cf72f3390f037b8

PODFILE CHECKSUM: 4f43ed4ebc649def10c9709e63b0ccb9bf3ed798

COCOAPODS: 1.4.0
